
Microsoft Visual Studio Solution File, Format Version 12.00
# Visual Studio Version 17
VisualStudioVersion = 17.4.33213.308
MinimumVisualStudioVersion = 10.0.40219.1
Project("{FAE04EC0-301F-11D3-BF4B-00C04F79EFBC}") = "EJERCICIO2", "EJERCICIO2\EJERCICIO2.csproj", "{3D68CD18-F7F8-454E-9F6D-08065B4C5B73}"
EndProject
Global
	GlobalSection(SolutionConfigurationPlatforms) = preSolution
		Debug|Any CPU = Debug|Any CPU
		Release|Any CPU = Release|Any CPU
	EndGlobalSection
	GlobalSection(ProjectConfigurationPlatforms) = postSolution
		{3D68CD18-F7F8-454E-9F6D-08065B4C5B73}.Debug|Any CPU.ActiveCfg = Debug|Any CPU
		{3D68CD18-F7F8-454E-9F6D-08065B4C5B73}.Debug|Any CPU.Build.0 = Debug|Any CPU
		{3D68CD18-F7F8-454E-9F6D-08065B4C5B73}.Release|Any CPU.ActiveCfg = Release|Any CPU
		{3D68CD18-F7F8-454E-9F6D-08065B4C5B73}.Release|Any CPU.Build.0 = Release|Any CPU
	EndGlobalSection
	GlobalSection(SolutionProperties) = preSolution
		HideSolutionNode = FALSE
	EndGlobalSection
	GlobalSection(ExtensibilityGlobals) = postSolution
		SolutionGuid = {D1C463DF-F223-48C4-84AC-E4D2F9A0EFD9}
	EndGlobalSection
EndGlobal
